
Microsoft Visual Studio Solution File, Format Version 12.00
# Visual Studio Version 16
VisualStudioVersion = 16.0.31729.503
MinimumVisualStudioVersion = 10.0.40219.1
Project("{FAE04EC0-301F-11D3-BF4B-00C04F79EFBC}") = "AnimalCounting", "AnimalCounting\AnimalCounting.csproj", "{A2EE65D4-BAB7-4E60-8A5F-B196F7991F77}"
EndProject
Global
	GlobalSection(SolutionConfigurationPlatforms) = preSolution
		Debug|Any CPU = Debug|Any CPU
		Release|Any CPU = Release|Any CPU
	EndGlobalSection
	GlobalSection(ProjectConfigurationPlatforms) = postSolution
		{A2EE65D4-BAB7-4E60-8A5F-B196F7991F77}.Debug|Any CPU.ActiveCfg = Debug|Any CPU
		{A2EE65D4-BAB7-4E60-8A5F-B196F7991F77}.Debug|Any CPU.Build.0 = Debug|Any CPU
		{A2EE65D4-BAB7-4E60-8A5F-B196F7991F77}.Release|Any CPU.ActiveCfg = Release|Any CPU
		{A2EE65D4-BAB7-4E60-8A5F-B196F7991F77}.Release|Any CPU.Build.0 = Release|Any CPU
	EndGlobalSection
	GlobalSection(SolutionProperties) = preSolution
		HideSolutionNode = FALSE
	EndGlobalSection
	GlobalSection(ExtensibilityGlobals) = postSolution
		SolutionGuid = {7C84AF70-0B7C-4EE6-8046-767248991B5A}
	EndGlobalSection
EndGlobal
